
Microsoft Visual Studio Solution File, Format Version 12.00
# Visual Studio Version 17
VisualStudioVersion = 17.7.34031.279
MinimumVisualStudioVersion = 10.0.40219.1
Project("{9A19103F-16F7-4668-BE54-9A1E7A4F7556}") = "Vendagas.API", "Anamnese.API\Vendagas.API.csproj", "{37D0AD0B-1734-463B-BC18-9D666388018B}"
EndProject
Global
	GlobalSection(SolutionConfigurationPlatforms) = preSolution
		Debug|Any CPU = Debug|Any CPU
		Release|Any CPU = Release|Any CPU
	EndGlobalSection
	GlobalSection(ProjectConfigurationPlatforms) = postSolution
		{37D0AD0B-1734-463B-BC18-9D666388018B}.Debug|Any CPU.ActiveCfg = Debug|Any CPU
		{37D0AD0B-1734-463B-BC18-9D666388018B}.Debug|Any CPU.Build.0 = Debug|Any CPU
		{37D0AD0B-1734-463B-BC18-9D666388018B}.Release|Any CPU.ActiveCfg = Release|Any CPU
		{37D0AD0B-1734-463B-BC18-9D666388018B}.Release|Any CPU.Build.0 = Release|Any CPU
	EndGlobalSection
	GlobalSection(SolutionProperties) = preSolution
		HideSolutionNode = FALSE
	EndGlobalSection
	GlobalSection(ExtensibilityGlobals) = postSolution
		SolutionGuid = {B5664535-D411-4A62-845E-26F8301F2308}
	EndGlobalSection
EndGlobal
